
Microsoft Visual Studio Solution File, Format Version 12.00
# Visual Studio Version 16
VisualStudioVersion = 16.0.29418.71
MinimumVisualStudioVersion = 10.0.40219.1
Project("{9A19103F-16F7-4668-BE54-9A1E7A4F7556}") = "KyoshinEewViewer", "src\KyoshinEewViewer\KyoshinEewViewer.csproj", "{4F666FD0-C6E8-42CF-98F4-27F1B90A5FC9}"
EndProject
Project("{2150E333-8FDC-42A3-9474-1A3956D46DE8}") = "Solution Items", "Solution Items", "{8BC79C5F-B70A-43C2-900F-07D0471245FB}"
	ProjectSection(SolutionItems) = preProject
		build.csx = build.csx
		build_dev.csx = build_dev.csx
		common.props = common.props
		publish.bat = publish.bat
		publish_dev_ci.bat = publish_dev_ci.bat
		README.md = README.md
	EndProjectSection
EndProject
Project("{2150E333-8FDC-42A3-9474-1A3956D46DE8}") = "Tools", "Tools", "{11E34404-9DF5-4211-86D2-971AF6FE458E}"
EndProject
Project("{9A19103F-16F7-4668-BE54-9A1E7A4F7556}") = "TrTimeTableConverter", "src\Tools\TrTimeTableConverter\TrTimeTableConverter.csproj", "{BEC441A0-A458-4108-B55C-3210FBD0F6C4}"
EndProject
Project("{9A19103F-16F7-4668-BE54-9A1E7A4F7556}") = "TopoJsonConverter", "src\Tools\TopoJsonConverter\TopoJsonConverter.csproj", "{7406B726-77F6-45E4-9B39-1FBCD2141302}"
EndProject
Project("{9A19103F-16F7-4668-BE54-9A1E7A4F7556}") = "KyoshinEewViewer.MapControl", "src\KyoshinEewViewer.MapControl\KyoshinEewViewer.MapControl.csproj", "{9F2E0B82-B83E-40FD-8D38-609650A3F672}"
EndProject
Project("{2150E333-8FDC-42A3-9474-1A3956D46DE8}") = "Sandboxes", "Sandboxes", "{129BB263-7EE8-4285-8328-733BFE49BCA4}"
EndProject
Project("{9A19103F-16F7-4668-BE54-9A1E7A4F7556}") = "MapControlTest", "src\Sandboxes\MapControlTest\MapControlTest.csproj", "{74A442DA-3D92-48D5-BE65-7E3B87C5C913}"
EndProject
Project("{9A19103F-16F7-4668-BE54-9A1E7A4F7556}") = "KyoshinEewViewer.Models", "src\KyoshinEewViewer.Models\KyoshinEewViewer.Models.csproj", "{8E0EF24C-2D9B-41E3-B41D-DE9519BA1CC5}"
EndProject
Project("{9A19103F-16F7-4668-BE54-9A1E7A4F7556}") = "ObservationPointEditor", "src\Tools\ObservationPointEditor\ObservationPointEditor.csproj", "{80C5BDBB-1551-4B31-9811-1D0BE7C85143}"
EndProject
Project("{9A19103F-16F7-4668-BE54-9A1E7A4F7556}") = "CustomRenderItemTest", "src\Sandboxes\CustomRenderItemTest\CustomRenderItemTest.csproj", "{E5ABD7F4-2B3C-4154-A9C7-601B03DEE533}"
EndProject
Project("{9A19103F-16F7-4668-BE54-9A1E7A4F7556}") = "KyoshinEewViewer.CustomControls", "src\KyoshinEewViewer.CustomControls\KyoshinEewViewer.CustomControls.csproj", "{934B11E0-AE80-4C91-8F87-A744E4051E6C}"
EndProject
Global
	GlobalSection(SolutionConfigurationPlatforms) = preSolution
		Debug|Any CPU = Debug|Any CPU
		Release|Any CPU = Release|Any CPU
	EndGlobalSection
	GlobalSection(ProjectConfigurationPlatforms) = postSolution
		{4F666FD0-C6E8-42CF-98F4-27F1B90A5FC9}.Debug|Any CPU.ActiveCfg = Debug|Any CPU
		{4F666FD0-C6E8-42CF-98F4-27F1B90A5FC9}.Debug|Any CPU.Build.0 = Debug|Any CPU
		{4F666FD0-C6E8-42CF-98F4-27F1B90A5FC9}.Release|Any CPU.ActiveCfg = Release|Any CPU
		{4F666FD0-C6E8-42CF-98F4-27F1B90A5FC9}.Release|Any CPU.Build.0 = Release|Any CPU
		{BEC441A0-A458-4108-B55C-3210FBD0F6C4}.Debug|Any CPU.ActiveCfg = Debug|Any CPU
		{BEC441A0-A458-4108-B55C-3210FBD0F6C4}.Debug|Any CPU.Build.0 = Debug|Any CPU
		{BEC441A0-A458-4108-B55C-3210FBD0F6C4}.Release|Any CPU.ActiveCfg = Release|Any CPU
		{BEC441A0-A458-4108-B55C-3210FBD0F6C4}.Release|Any CPU.Build.0 = Release|Any CPU
		{7406B726-77F6-45E4-9B39-1FBCD2141302}.Debug|Any CPU.ActiveCfg = Debug|Any CPU
		{7406B726-77F6-45E4-9B39-1FBCD2141302}.Debug|Any CPU.Build.0 = Debug|Any CPU
		{7406B726-77F6-45E4-9B39-1FBCD2141302}.Release|Any CPU.ActiveCfg = Release|Any CPU
		{7406B726-77F6-45E4-9B39-1FBCD2141302}.Release|Any CPU.Build.0 = Release|Any CPU
		{9F2E0B82-B83E-40FD-8D38-609650A3F672}.Debug|Any CPU.ActiveCfg = Debug|Any CPU
		{9F2E0B82-B83E-40FD-8D38-609650A3F672}.Debug|Any CPU.Build.0 = Debug|Any CPU
		{9F2E0B82-B83E-40FD-8D38-609650A3F672}.Release|Any CPU.ActiveCfg = Release|Any CPU
		{9F2E0B82-B83E-40FD-8D38-609650A3F672}.Release|Any CPU.Build.0 = Release|Any CPU
		{74A442DA-3D92-48D5-BE65-7E3B87C5C913}.Debug|Any CPU.ActiveCfg = Debug|Any CPU
		{74A442DA-3D92-48D5-BE65-7E3B87C5C913}.Debug|Any CPU.Build.0 = Debug|Any CPU
		{74A442DA-3D92-48D5-BE65-7E3B87C5C913}.Release|Any CPU.ActiveCfg = Release|Any CPU
		{74A442DA-3D92-48D5-BE65-7E3B87C5C913}.Release|Any CPU.Build.0 = Release|Any CPU
		{8E0EF24C-2D9B-41E3-B41D-DE9519BA1CC5}.Debug|Any CPU.ActiveCfg = Debug|Any CPU
		{8E0EF24C-2D9B-41E3-B41D-DE9519BA1CC5}.Debug|Any CPU.Build.0 = Debug|Any CPU
		{8E0EF24C-2D9B-41E3-B41D-DE9519BA1CC5}.Release|Any CPU.ActiveCfg = Release|Any CPU
		{8E0EF24C-2D9B-41E3-B41D-DE9519BA1CC5}.Release|Any CPU.Build.0 = Release|Any CPU
		{80C5BDBB-1551-4B31-9811-1D0BE7C85143}.Debug|Any CPU.ActiveCfg = Debug|Any CPU
		{80C5BDBB-1551-4B31-9811-1D0BE7C85143}.Debug|Any CPU.Build.0 = Debug|Any CPU
		{80C5BDBB-1551-4B31-9811-1D0BE7C85143}.Release|Any CPU.ActiveCfg = Release|Any CPU
		{80C5BDBB-1551-4B31-9811-1D0BE7C85143}.Release|Any CPU.Build.0 = Release|Any CPU
		{E5ABD7F4-2B3C-4154-A9C7-601B03DEE533}.Debug|Any CPU.ActiveCfg = Debug|Any CPU
		{E5ABD7F4-2B3C-4154-A9C7-601B03DEE533}.Debug|Any CPU.Build.0 = Debug|Any CPU
		{E5ABD7F4-2B3C-4154-A9C7-601B03DEE533}.Release|Any CPU.ActiveCfg = Release|Any CPU
		{E5ABD7F4-2B3C-4154-A9C7-601B03DEE533}.Release|Any CPU.Build.0 = Release|Any CPU
		{934B11E0-AE80-4C91-8F87-A744E4051E6C}.Debug|Any CPU.ActiveCfg = Debug|Any CPU
		{934B11E0-AE80-4C91-8F87-A744E4051E6C}.Debug|Any CPU.Build.0 = Debug|Any CPU
		{934B11E0-AE80-4C91-8F87-A744E4051E6C}.Release|Any CPU.ActiveCfg = Release|Any CPU
		{934B11E0-AE80-4C91-8F87-A744E4051E6C}.Release|Any CPU.Build.0 = Release|Any CPU
	EndGlobalSection
	GlobalSection(SolutionProperties) = preSolution
		HideSolutionNode = FALSE
	EndGlobalSection
	GlobalSection(NestedProjects) = preSolution
		{BEC441A0-A458-4108-B55C-3210FBD0F6C4} = {11E34404-9DF5-4211-86D2-971AF6FE458E}
		{7406B726-77F6-45E4-9B39-1FBCD2141302} = {11E34404-9DF5-4211-86D2-971AF6FE458E}
		{74A442DA-3D92-48D5-BE65-7E3B87C5C913} = {129BB263-7EE8-4285-8328-733BFE49BCA4}
		{80C5BDBB-1551-4B31-9811-1D0BE7C85143} = {11E34404-9DF5-4211-86D2-971AF6FE458E}
		{E5ABD7F4-2B3C-4154-A9C7-601B03DEE533} = {129BB263-7EE8-4285-8328-733BFE49BCA4}
	EndGlobalSection
	GlobalSection(ExtensibilityGlobals) = postSolution
		SolutionGuid = {1ACD1D75-B7AC-4DEC-B2E3-E707294A51C5}
	EndGlobalSection
EndGlobal
