
Microsoft Visual Studio Solution File, Format Version 12.00
# Visual Studio Version 17
VisualStudioVersion = 17.0.31717.71
MinimumVisualStudioVersion = 10.0.40219.1
Project("{2150E333-8FDC-42A3-9474-1A3956D46DE8}") = "Solution Items", "Solution Items", "{8BC79C5F-B70A-43C2-900F-07D0471245FB}"
	ProjectSection(SolutionItems) = preProject
		.editorconfig = .editorconfig
		common.props = common.props
		README.md = README.md
	EndProjectSection
EndProject
Project("{9A19103F-16F7-4668-BE54-9A1E7A4F7556}") = "KyoshinEewViewer.Core", "src\KyoshinEewViewer.Core\KyoshinEewViewer.Core.csproj", "{9FB22DFA-509C-4F1E-A5DC-70EE3437AA4B}"
EndProject
Project("{9A19103F-16F7-4668-BE54-9A1E7A4F7556}") = "KyoshinEewViewer", "src\KyoshinEewViewer\KyoshinEewViewer.csproj", "{1DEF1F60-6F5F-4E54-B207-DA5759D0A0B2}"
EndProject
Project("{9A19103F-16F7-4668-BE54-9A1E7A4F7556}") = "KyoshinEewViewer.Map", "src\KyoshinEewViewer.Map\KyoshinEewViewer.Map.csproj", "{5711C14B-575D-48B6-BA0A-9C85047B04B5}"
EndProject
Project("{2150E333-8FDC-42A3-9474-1A3956D46DE8}") = "Sandboxes", "Sandboxes", "{8F086BB8-E3DD-45DD-BDEF-984600946420}"
EndProject
Project("{9A19103F-16F7-4668-BE54-9A1E7A4F7556}") = "KyoshinEewViewer.CustomControl", "src\KyoshinEewViewer.CustomControl\KyoshinEewViewer.CustomControl.csproj", "{A135FDF8-854F-4C1B-BCD6-E04FC83224C4}"
EndProject
Project("{9A19103F-16F7-4668-BE54-9A1E7A4F7556}") = "CustomRenderItemTest", "src\Sandboxes\CustomRenderItemTest\CustomRenderItemTest.csproj", "{4B105DB7-07CF-445F-9D66-AE9349CCA1A3}"
EndProject
Project("{2150E333-8FDC-42A3-9474-1A3956D46DE8}") = "Tools", "Tools", "{AE1F2F80-E888-4E19-A3E8-BBDCFE8E9ADB}"
EndProject
Project("{9A19103F-16F7-4668-BE54-9A1E7A4F7556}") = "TrTimeTableConverter", "src\Tools\TrTimeTableConverter\TrTimeTableConverter.csproj", "{6F8595F3-08D5-4D68-829E-70CAC1B97C15}"
EndProject
Project("{9A19103F-16F7-4668-BE54-9A1E7A4F7556}") = "TopoJsonConverter", "src\Tools\TopoJsonConverter\TopoJsonConverter.csproj", "{352838AD-9D08-4F16-BE31-A2FF7114E6CE}"
EndProject
Project("{9A19103F-16F7-4668-BE54-9A1E7A4F7556}") = "MapEditor", "src\Tools\MapEditor\MapEditor.csproj", "{4A0D504B-7A3B-44B6-A28E-7CA31A6D723C}"
EndProject
Project("{9A19103F-16F7-4668-BE54-9A1E7A4F7556}") = "KyoshinEewViewer.Updater", "src\KyoshinEewViewer.Updater\KyoshinEewViewer.Updater.csproj", "{6CB11794-C501-44A5-AF4D-C6DABA4AFDBC}"
EndProject
Project("{9A19103F-16F7-4668-BE54-9A1E7A4F7556}") = "KyoshinEewViewer.JmaXmlParser", "src\KyoshinEewViewer.JmaXmlParser\KyoshinEewViewer.JmaXmlParser.csproj", "{AF28BD38-2689-46DC-A53C-DA4F922155B8}"
EndProject
Project("{9A19103F-16F7-4668-BE54-9A1E7A4F7556}") = "KyoshinEewViewer.JmaXmlParser.Tests", "tests\KyoshinEewViewer.JmaXmlParset.Tests\KyoshinEewViewer.JmaXmlParser.Tests.csproj", "{0BA83DBA-9255-410D-9D92-ABD0A77A81A7}"
EndProject
Project("{9A19103F-16F7-4668-BE54-9A1E7A4F7556}") = "SlackBot", "src\Sandboxes\SlackBot\SlackBot.csproj", "{B2FDE4AE-53E0-41A0-9E90-5B8A20C3D503}"
EndProject
Project("{9A19103F-16F7-4668-BE54-9A1E7A4F7556}") = "PiDASPlusGraph", "src\Sandboxes\PiDASPlusGraph\PiDASPlusGraph.csproj", "{D868BDA6-3C87-4490-8095-E0749E4234D0}"
EndProject
Project("{9A19103F-16F7-4668-BE54-9A1E7A4F7556}") = "JmaXmlParseTest", "src\Sandboxes\JmaXmlParseTest\JmaXmlParseTest.csproj", "{ADA19E73-4E14-4A65-AAE2-4C6D60A83E87}"
EndProject
Global
	GlobalSection(SolutionConfigurationPlatforms) = preSolution
		Debug|Any CPU = Debug|Any CPU
		Release|Any CPU = Release|Any CPU
	EndGlobalSection
	GlobalSection(ProjectConfigurationPlatforms) = postSolution
		{9FB22DFA-509C-4F1E-A5DC-70EE3437AA4B}.Debug|Any CPU.ActiveCfg = Debug|Any CPU
		{9FB22DFA-509C-4F1E-A5DC-70EE3437AA4B}.Debug|Any CPU.Build.0 = Debug|Any CPU
		{9FB22DFA-509C-4F1E-A5DC-70EE3437AA4B}.Release|Any CPU.ActiveCfg = Release|Any CPU
		{9FB22DFA-509C-4F1E-A5DC-70EE3437AA4B}.Release|Any CPU.Build.0 = Release|Any CPU
		{1DEF1F60-6F5F-4E54-B207-DA5759D0A0B2}.Debug|Any CPU.ActiveCfg = Debug|Any CPU
		{1DEF1F60-6F5F-4E54-B207-DA5759D0A0B2}.Debug|Any CPU.Build.0 = Debug|Any CPU
		{1DEF1F60-6F5F-4E54-B207-DA5759D0A0B2}.Release|Any CPU.ActiveCfg = Release|Any CPU
		{1DEF1F60-6F5F-4E54-B207-DA5759D0A0B2}.Release|Any CPU.Build.0 = Release|Any CPU
		{5711C14B-575D-48B6-BA0A-9C85047B04B5}.Debug|Any CPU.ActiveCfg = Debug|Any CPU
		{5711C14B-575D-48B6-BA0A-9C85047B04B5}.Debug|Any CPU.Build.0 = Debug|Any CPU
		{5711C14B-575D-48B6-BA0A-9C85047B04B5}.Release|Any CPU.ActiveCfg = Release|Any CPU
		{5711C14B-575D-48B6-BA0A-9C85047B04B5}.Release|Any CPU.Build.0 = Release|Any CPU
		{A135FDF8-854F-4C1B-BCD6-E04FC83224C4}.Debug|Any CPU.ActiveCfg = Debug|Any CPU
		{A135FDF8-854F-4C1B-BCD6-E04FC83224C4}.Debug|Any CPU.Build.0 = Debug|Any CPU
		{A135FDF8-854F-4C1B-BCD6-E04FC83224C4}.Release|Any CPU.ActiveCfg = Release|Any CPU
		{A135FDF8-854F-4C1B-BCD6-E04FC83224C4}.Release|Any CPU.Build.0 = Release|Any CPU
		{4B105DB7-07CF-445F-9D66-AE9349CCA1A3}.Debug|Any CPU.ActiveCfg = Debug|Any CPU
		{4B105DB7-07CF-445F-9D66-AE9349CCA1A3}.Debug|Any CPU.Build.0 = Debug|Any CPU
		{4B105DB7-07CF-445F-9D66-AE9349CCA1A3}.Release|Any CPU.ActiveCfg = Release|Any CPU
		{4B105DB7-07CF-445F-9D66-AE9349CCA1A3}.Release|Any CPU.Build.0 = Release|Any CPU
		{6F8595F3-08D5-4D68-829E-70CAC1B97C15}.Debug|Any CPU.ActiveCfg = Debug|Any CPU
		{6F8595F3-08D5-4D68-829E-70CAC1B97C15}.Debug|Any CPU.Build.0 = Debug|Any CPU
		{6F8595F3-08D5-4D68-829E-70CAC1B97C15}.Release|Any CPU.ActiveCfg = Release|Any CPU
		{6F8595F3-08D5-4D68-829E-70CAC1B97C15}.Release|Any CPU.Build.0 = Release|Any CPU
		{352838AD-9D08-4F16-BE31-A2FF7114E6CE}.Debug|Any CPU.ActiveCfg = Debug|Any CPU
		{352838AD-9D08-4F16-BE31-A2FF7114E6CE}.Debug|Any CPU.Build.0 = Debug|Any CPU
		{352838AD-9D08-4F16-BE31-A2FF7114E6CE}.Release|Any CPU.ActiveCfg = Release|Any CPU
		{352838AD-9D08-4F16-BE31-A2FF7114E6CE}.Release|Any CPU.Build.0 = Release|Any CPU
		{4A0D504B-7A3B-44B6-A28E-7CA31A6D723C}.Debug|Any CPU.ActiveCfg = Debug|Any CPU
		{4A0D504B-7A3B-44B6-A28E-7CA31A6D723C}.Debug|Any CPU.Build.0 = Debug|Any CPU
		{4A0D504B-7A3B-44B6-A28E-7CA31A6D723C}.Release|Any CPU.ActiveCfg = Release|Any CPU
		{4A0D504B-7A3B-44B6-A28E-7CA31A6D723C}.Release|Any CPU.Build.0 = Release|Any CPU
		{6CB11794-C501-44A5-AF4D-C6DABA4AFDBC}.Debug|Any CPU.ActiveCfg = Debug|Any CPU
		{6CB11794-C501-44A5-AF4D-C6DABA4AFDBC}.Debug|Any CPU.Build.0 = Debug|Any CPU
		{6CB11794-C501-44A5-AF4D-C6DABA4AFDBC}.Release|Any CPU.ActiveCfg = Release|Any CPU
		{6CB11794-C501-44A5-AF4D-C6DABA4AFDBC}.Release|Any CPU.Build.0 = Release|Any CPU
		{AF28BD38-2689-46DC-A53C-DA4F922155B8}.Debug|Any CPU.ActiveCfg = Debug|Any CPU
		{AF28BD38-2689-46DC-A53C-DA4F922155B8}.Debug|Any CPU.Build.0 = Debug|Any CPU
		{AF28BD38-2689-46DC-A53C-DA4F922155B8}.Release|Any CPU.ActiveCfg = Release|Any CPU
		{AF28BD38-2689-46DC-A53C-DA4F922155B8}.Release|Any CPU.Build.0 = Release|Any CPU
		{0BA83DBA-9255-410D-9D92-ABD0A77A81A7}.Debug|Any CPU.ActiveCfg = Debug|Any CPU
		{0BA83DBA-9255-410D-9D92-ABD0A77A81A7}.Debug|Any CPU.Build.0 = Debug|Any CPU
		{0BA83DBA-9255-410D-9D92-ABD0A77A81A7}.Release|Any CPU.ActiveCfg = Release|Any CPU
		{0BA83DBA-9255-410D-9D92-ABD0A77A81A7}.Release|Any CPU.Build.0 = Release|Any CPU
		{B2FDE4AE-53E0-41A0-9E90-5B8A20C3D503}.Debug|Any CPU.ActiveCfg = Debug|Any CPU
		{B2FDE4AE-53E0-41A0-9E90-5B8A20C3D503}.Debug|Any CPU.Build.0 = Debug|Any CPU
		{B2FDE4AE-53E0-41A0-9E90-5B8A20C3D503}.Release|Any CPU.ActiveCfg = Release|Any CPU
		{B2FDE4AE-53E0-41A0-9E90-5B8A20C3D503}.Release|Any CPU.Build.0 = Release|Any CPU
		{D868BDA6-3C87-4490-8095-E0749E4234D0}.Debug|Any CPU.ActiveCfg = Debug|Any CPU
		{D868BDA6-3C87-4490-8095-E0749E4234D0}.Debug|Any CPU.Build.0 = Debug|Any CPU
		{D868BDA6-3C87-4490-8095-E0749E4234D0}.Release|Any CPU.ActiveCfg = Release|Any CPU
		{D868BDA6-3C87-4490-8095-E0749E4234D0}.Release|Any CPU.Build.0 = Release|Any CPU
		{ADA19E73-4E14-4A65-AAE2-4C6D60A83E87}.Debug|Any CPU.ActiveCfg = Debug|Any CPU
		{ADA19E73-4E14-4A65-AAE2-4C6D60A83E87}.Debug|Any CPU.Build.0 = Debug|Any CPU
		{ADA19E73-4E14-4A65-AAE2-4C6D60A83E87}.Release|Any CPU.ActiveCfg = Release|Any CPU
		{ADA19E73-4E14-4A65-AAE2-4C6D60A83E87}.Release|Any CPU.Build.0 = Release|Any CPU
	EndGlobalSection
	GlobalSection(SolutionProperties) = preSolution
		HideSolutionNode = FALSE
	EndGlobalSection
	GlobalSection(NestedProjects) = preSolution
		{4B105DB7-07CF-445F-9D66-AE9349CCA1A3} = {8F086BB8-E3DD-45DD-BDEF-984600946420}
		{6F8595F3-08D5-4D68-829E-70CAC1B97C15} = {AE1F2F80-E888-4E19-A3E8-BBDCFE8E9ADB}
		{352838AD-9D08-4F16-BE31-A2FF7114E6CE} = {AE1F2F80-E888-4E19-A3E8-BBDCFE8E9ADB}
		{4A0D504B-7A3B-44B6-A28E-7CA31A6D723C} = {AE1F2F80-E888-4E19-A3E8-BBDCFE8E9ADB}
		{B2FDE4AE-53E0-41A0-9E90-5B8A20C3D503} = {8F086BB8-E3DD-45DD-BDEF-984600946420}
		{D868BDA6-3C87-4490-8095-E0749E4234D0} = {8F086BB8-E3DD-45DD-BDEF-984600946420}
		{ADA19E73-4E14-4A65-AAE2-4C6D60A83E87} = {8F086BB8-E3DD-45DD-BDEF-984600946420}
	EndGlobalSection
	GlobalSection(ExtensibilityGlobals) = postSolution
		SolutionGuid = {1ACD1D75-B7AC-4DEC-B2E3-E707294A51C5}
	EndGlobalSection
EndGlobal
