# @generated - this file is auto-generated by `mise lock` https://mise.jdx.dev/dev-tools/mise-lock.html

[[tools.actionlint]]
version = "1.7.10"
backend = "aqua:rhysd/actionlint"

[tools.actionlint."platforms.linux-arm64"]
checksum = "sha256:cd3dfe5f66887ec6b987752d8d9614e59fd22f39415c5ad9f28374623f41773a"
url = "https://github.com/rhysd/actionlint/releases/download/v1.7.10/actionlint_1.7.10_linux_arm64.tar.gz"

[tools.actionlint."platforms.linux-arm64-musl"]
checksum = "sha256:cd3dfe5f66887ec6b987752d8d9614e59fd22f39415c5ad9f28374623f41773a"
url = "https://github.com/rhysd/actionlint/releases/download/v1.7.10/actionlint_1.7.10_linux_arm64.tar.gz"

[tools.actionlint."platforms.linux-x64"]
checksum = "sha256:f4c76b71db5755a713e6055cbb0857ed07e103e028bda117817660ebadb4386f"
url = "https://github.com/rhysd/actionlint/releases/download/v1.7.10/actionlint_1.7.10_linux_amd64.tar.gz"

[tools.actionlint."platforms.linux-x64-musl"]
checksum = "sha256:f4c76b71db5755a713e6055cbb0857ed07e103e028bda117817660ebadb4386f"
url = "https://github.com/rhysd/actionlint/releases/download/v1.7.10/actionlint_1.7.10_linux_amd64.tar.gz"

[tools.actionlint."platforms.macos-arm64"]
checksum = "sha256:004ca87b367b37f4d75c55ab6cf80f9b8c043adbfbd440f31c604d417939c442"
url = "https://github.com/rhysd/actionlint/releases/download/v1.7.10/actionlint_1.7.10_darwin_arm64.tar.gz"

[tools.actionlint."platforms.macos-x64"]
checksum = "sha256:16782c41f2af264db80f855ee5d09164ca98fc78edf3bcd0f46eecff279682ba"
url = "https://github.com/rhysd/actionlint/releases/download/v1.7.10/actionlint_1.7.10_darwin_amd64.tar.gz"

[tools.actionlint."platforms.windows-x64"]
checksum = "sha256:283467f9d6202a8cb8c00ad8dd0ee4e685b71fb86a6a56c68fcbb9ae8ed91237"
url = "https://github.com/rhysd/actionlint/releases/download/v1.7.10/actionlint_1.7.10_windows_amd64.zip"

[[tools.dotnet]]
version = "10.0.102"
backend = "asdf:dotnet"

[[tools.pinact]]
version = "3.8.0"
backend = "aqua:suzuki-shunsuke/pinact"

[tools.pinact."platforms.linux-arm64"]
checksum = "sha256:03ac062b927571372b6575e11a5e5760c4e1e3658a246ffbf6c8062369ffa5e5"
url = "https://github.com/suzuki-shunsuke/pinact/releases/download/v3.8.0/pinact_linux_arm64.tar.gz"
provenance = "slsa"

[tools.pinact."platforms.linux-arm64-musl"]
checksum = "sha256:03ac062b927571372b6575e11a5e5760c4e1e3658a246ffbf6c8062369ffa5e5"
url = "https://github.com/suzuki-shunsuke/pinact/releases/download/v3.8.0/pinact_linux_arm64.tar.gz"
provenance = "slsa"

[tools.pinact."platforms.linux-x64"]
checksum = "sha256:13a5415f6a9e6f6cc7140954eeff120488c0b6c69525fa541011acc2a39f0429"
url = "https://github.com/suzuki-shunsuke/pinact/releases/download/v3.8.0/pinact_linux_amd64.tar.gz"
provenance = "github-attestations"

[tools.pinact."platforms.linux-x64-musl"]
checksum = "sha256:13a5415f6a9e6f6cc7140954eeff120488c0b6c69525fa541011acc2a39f0429"
url = "https://github.com/suzuki-shunsuke/pinact/releases/download/v3.8.0/pinact_linux_amd64.tar.gz"
provenance = "slsa"

[tools.pinact."platforms.macos-arm64"]
checksum = "sha256:512e90fb9861912b1414b473cea7277794750be1d7756c6d296fa1077ce9e5ec"
url = "https://github.com/suzuki-shunsuke/pinact/releases/download/v3.8.0/pinact_darwin_arm64.tar.gz"

[tools.pinact."platforms.macos-x64"]
checksum = "sha256:4f658c9258ba261019114afcf8cbc155ce1b9a1157d17cb1fc2e0a48d962d1d7"
url = "https://github.com/suzuki-shunsuke/pinact/releases/download/v3.8.0/pinact_darwin_amd64.tar.gz"
provenance = "slsa"

[tools.pinact."platforms.windows-x64"]
checksum = "sha256:9073bd0bdccbe5653ebe9d1b7786a0f4caf2b8ba9102a129c0a18262c7047570"
url = "https://github.com/suzuki-shunsuke/pinact/releases/download/v3.8.0/pinact_windows_amd64.zip"
provenance = "slsa"
