[[tools.actionlint]]
version = "1.7.10"
backend = "aqua:rhysd/actionlint"
"platforms.macos-arm64" = { checksum = "sha256:004ca87b367b37f4d75c55ab6cf80f9b8c043adbfbd440f31c604d417939c442", url = "https://github.com/rhysd/actionlint/releases/download/v1.7.10/actionlint_1.7.10_darwin_arm64.tar.gz"}

[[tools.dotnet]]
version = "10.0.102"
backend = "asdf:dotnet"

[[tools.pinact]]
version = "3.8.0"
backend = "aqua:suzuki-shunsuke/pinact"
"platforms.macos-arm64" = { checksum = "sha256:512e90fb9861912b1414b473cea7277794750be1d7756c6d296fa1077ce9e5ec", url = "https://github.com/suzuki-shunsuke/pinact/releases/download/v3.8.0/pinact_darwin_arm64.tar.gz"}
